lockfileVersion: '6.0'

settings:
  autoInstallPeers: true
  excludeLinksFromLockfile: false

devDependencies:
  typescript:
    specifier: next
    version: 5.2.0-dev.20230713

packages:

  /typescript@5.2.0-dev.20230713:
    resolution: {integrity: sha512-A/crla7nXo4d7TVRlV4CUzxW218b2WupUrIMnnGBV1o0SQnckrszm0CUMRAYeKAB9lFIo/B1Gx1cBdvNQYiD4A==}
    engines: {node: '>=14.17'}
    hasBin: true
    dev: true
